// !$*UTF8*$!
{
	archiveVersion = 1;
	classes = {
	};
	objectVersion = 52;
	objects = {

/* Begin PBXBuildFile section */
		DF2BD74922CA132E00D949CA /* RxRelay in Frameworks */ = {isa = PBXBuildFile; productRef = DF2BD74822CA132E00D949CA /* RxRelay */; };
		DF2BD74B22CA132E00D949CA /* RxSwift in Frameworks */ = {isa = PBXBuildFile; productRef = DF2BD74A22CA132E00D949CA /* RxSwift */; };
		DF2BD74D22CA132E00D949CA /* RxCocoa in Frameworks */ = {isa = PBXBuildFile; productRef = DF2BD74C22CA132E00D949CA /* RxCocoa */; };
		DF57F0A422CB3BCB001AFB5E /* ElevatorStateView.swift in Sources */ = {isa = PBXBuildFile; fileRef = DF57F0A322CB3BCB001AFB5E /* ElevatorStateView.swift */; };
		DF57F0A722CB488D001AFB5E /* Differentiator in Frameworks */ = {isa = PBXBuildFile; productRef = DF57F0A622CB488D001AFB5E /* Differentiator */; };
		DF57F0A922CB488D001AFB5E /* RxDataSources in Frameworks */ = {isa = PBXBuildFile; productRef = DF57F0A822CB488D001AFB5E /* RxDataSources */; };
		DF57F0AB22CB48BA001AFB5E /* SearchViewModel.swift in Sources */ = {isa = PBXBuildFile; fileRef = DF57F0AA22CB48BA001AFB5E /* SearchViewModel.swift */; };
		DF5B89A422CE297A0064B5CB /* ElevatorCellViewRepresentable.swift in Sources */ = {isa = PBXBuildFile; fileRef = DF5B89A322CE297A0064B5CB /* ElevatorCellViewRepresentable.swift */; };
		DF5B89A622CE2D800064B5CB /* UIElevatorTableViewCell.swift in Sources */ = {isa = PBXBuildFile; fileRef = DF5B89A522CE2D800064B5CB /* UIElevatorTableViewCell.swift */; };
		DF5B89A822CE32260064B5CB /* TitleAndSubtitleWithSwitch.swift in Sources */ = {isa = PBXBuildFile; fileRef = DF5B89A722CE32260064B5CB /* TitleAndSubtitleWithSwitch.swift */; };
		DF5B89AA22CE33E10064B5CB /* SettingsView.swift in Sources */ = {isa = PBXBuildFile; fileRef = DF5B89A922CE33E10064B5CB /* SettingsView.swift */; };
		DF5B89AC22CE33F40064B5CB /* SettingsViewModel.swift in Sources */ = {isa = PBXBuildFile; fileRef = DF5B89AB22CE33F40064B5CB /* SettingsViewModel.swift */; };
		DF5CDA2222CE641800E04EAF /* KeyValueView.swift in Sources */ = {isa = PBXBuildFile; fileRef = DF5CDA2122CE641800E04EAF /* KeyValueView.swift */; };
		DF5CDA2522CE69FE00E04EAF /* Localizable.strings in Resources */ = {isa = PBXBuildFile; fileRef = DF5CDA2722CE69FE00E04EAF /* Localizable.strings */; };
		DF5DF3AB22CE15BC0048DD69 /* MapViewModel.swift in Sources */ = {isa = PBXBuildFile; fileRef = DF5DF3AA22CE15BC0048DD69 /* MapViewModel.swift */; };
		DF5DF3AE22CE17900048DD69 /* UICircleView.swift in Sources */ = {isa = PBXBuildFile; fileRef = DF5DF3AD22CE17900048DD69 /* UICircleView.swift */; };
		DF7A658C22C9410100736179 /* AppDelegate.swift in Sources */ = {isa = PBXBuildFile; fileRef = DF7A658B22C9410100736179 /* AppDelegate.swift */; };
		DF7A658E22C9410100736179 /* SceneDelegate.swift in Sources */ = {isa = PBXBuildFile; fileRef = DF7A658D22C9410100736179 /* SceneDelegate.swift */; };
		DF7A659522C9410200736179 /* Assets.xcassets in Resources */ = {isa = PBXBuildFile; fileRef = DF7A659422C9410200736179 /* Assets.xcassets */; };
		DF7A659822C9410200736179 /* LaunchScreen.storyboard in Resources */ = {isa = PBXBuildFile; fileRef = DF7A659622C9410200736179 /* LaunchScreen.storyboard */; };
		DF7A65A322C9437100736179 /* FloatingPanel in Frameworks */ = {isa = PBXBuildFile; productRef = DF7A65A222C9437100736179 /* FloatingPanel */; };
		DF7B8CE022CE1D4E00D6EF93 /* ReportElevatorView.swift in Sources */ = {isa = PBXBuildFile; fileRef = DF7B8CDF22CE1D4D00D6EF93 /* ReportElevatorView.swift */; };
		DF7B8CE222CE1D5B00D6EF93 /* ReportElevatorViewModel.swift in Sources */ = {isa = PBXBuildFile; fileRef = DF7B8CE122CE1D5B00D6EF93 /* ReportElevatorViewModel.swift */; };
		DF7B8CE422CE1F7500D6EF93 /* ButtonWithCircleIcon.swift in Sources */ = {isa = PBXBuildFile; fileRef = DF7B8CE322CE1F7500D6EF93 /* ButtonWithCircleIcon.swift */; };
		DF7B8CE622CE25B400D6EF93 /* UIElevatorCellView.swift in Sources */ = {isa = PBXBuildFile; fileRef = DF7B8CE522CE25B400D6EF93 /* UIElevatorCellView.swift */; };
		DF9F699822C9FEC300819A1D /* ApplicationCoordinator.swift in Sources */ = {isa = PBXBuildFile; fileRef = DF9F699722C9FEC300819A1D /* ApplicationCoordinator.swift */; };
		DF9F699A22C9FF1600819A1D /* Coordinator.swift in Sources */ = {isa = PBXBuildFile; fileRef = DF9F699922C9FF1600819A1D /* Coordinator.swift */; };
		DF9F699C22CA014800819A1D /* ApplicationCoordinatorProtocol.swift in Sources */ = {isa = PBXBuildFile; fileRef = DF9F699B22CA014800819A1D /* ApplicationCoordinatorProtocol.swift */; };
		DF9F699F22CA021300819A1D /* MapViewController.swift in Sources */ = {isa = PBXBuildFile; fileRef = DF9F699E22CA021300819A1D /* MapViewController.swift */; };
		DF9F69A122CA058F00819A1D /* SearchViewController.swift in Sources */ = {isa = PBXBuildFile; fileRef = DF9F69A022CA058F00819A1D /* SearchViewController.swift */; };
		DFBD02E222CA802400244D08 /* ElevatorModel.swift in Sources */ = {isa = PBXBuildFile; fileRef = DFBD02E122CA802400244D08 /* ElevatorModel.swift */; };
		DFBD02E422CA80E800244D08 /* ElevatorDetailView.swift in Sources */ = {isa = PBXBuildFile; fileRef = DFBD02E322CA80E800244D08 /* ElevatorDetailView.swift */; };
		DFBD02E622CA811D00244D08 /* ElevatorDetailViewModel.swift in Sources */ = {isa = PBXBuildFile; fileRef = DFBD02E522CA811D00244D08 /* ElevatorDetailViewModel.swift */; };
		DFBD02E922CA8A7900244D08 /* RoundedView.swift in Sources */ = {isa = PBXBuildFile; fileRef = DFBD02E822CA8A7900244D08 /* RoundedView.swift */; };
		DFBD02EB22CA97A700244D08 /* CircleView.swift in Sources */ = {isa = PBXBuildFile; fileRef = DFBD02EA22CA97A700244D08 /* CircleView.swift */; };
		DFBD02ED22CA9F8B00244D08 /* CloseView.swift in Sources */ = {isa = PBXBuildFile; fileRef = DFBD02EC22CA9F8B00244D08 /* CloseView.swift */; };
/* End PBXBuildFile section */

/* Begin PBXFileReference section */
		DF57F0A322CB3BCB001AFB5E /* ElevatorStateView.swift */ = {isa = PBXFileReference; lastKnownFileType = sourcecode.swift; path = ElevatorStateView.swift; sourceTree = "<group>"; };
		DF57F0AA22CB48BA001AFB5E /* SearchViewModel.swift */ = {isa = PBXFileReference; lastKnownFileType = sourcecode.swift; path = SearchViewModel.swift; sourceTree = "<group>"; };
		DF5B89A322CE297A0064B5CB /* ElevatorCellViewRepresentable.swift */ = {isa = PBXFileReference; lastKnownFileType = sourcecode.swift; path = ElevatorCellViewRepresentable.swift; sourceTree = "<group>"; };
		DF5B89A522CE2D800064B5CB /* UIElevatorTableViewCell.swift */ = {isa = PBXFileReference; lastKnownFileType = sourcecode.swift; path = UIElevatorTableViewCell.swift; sourceTree = "<group>"; };
		DF5B89A722CE32260064B5CB /* TitleAndSubtitleWithSwitch.swift */ = {isa = PBXFileReference; lastKnownFileType = sourcecode.swift; path = TitleAndSubtitleWithSwitch.swift; sourceTree = "<group>"; };
		DF5B89A922CE33E10064B5CB /* SettingsView.swift */ = {isa = PBXFileReference; lastKnownFileType = sourcecode.swift; path = SettingsView.swift; sourceTree = "<group>"; };
		DF5B89AB22CE33F40064B5CB /* SettingsViewModel.swift */ = {isa = PBXFileReference; lastKnownFileType = sourcecode.swift; path = SettingsViewModel.swift; sourceTree = "<group>"; };
		DF5CDA2122CE641800E04EAF /* KeyValueView.swift */ = {isa = PBXFileReference; lastKnownFileType = sourcecode.swift; path = KeyValueView.swift; sourceTree = "<group>"; };
		DF5CDA2622CE69FE00E04EAF /* en */ = {isa = PBXFileReference; lastKnownFileType = text.plist.strings; name = en; path = en.lproj/Localizable.strings; sourceTree = "<group>"; };
		DF5CDA2822CE6A0D00E04EAF /* cs */ = {isa = PBXFileReference; lastKnownFileType = text.plist.strings; name = cs; path = cs.lproj/Localizable.strings; sourceTree = "<group>"; };
		DF5DF3AA22CE15BC0048DD69 /* MapViewModel.swift */ = {isa = PBXFileReference; lastKnownFileType = sourcecode.swift; path = MapViewModel.swift; sourceTree = "<group>"; };
		DF5DF3AD22CE17900048DD69 /* UICircleView.swift */ = {isa = PBXFileReference; lastKnownFileType = sourcecode.swift; path = UICircleView.swift; sourceTree = "<group>"; };
		DF7A658822C9410100736179 /* Eleve.app */ = {isa = PBXFileReference; explicitFileType = wrapper.application; includeInIndex = 0; path = Eleve.app; sourceTree = BUILT_PRODUCTS_DIR; };
		DF7A658B22C9410100736179 /* AppDelegate.swift */ = {isa = PBXFileReference; lastKnownFileType = sourcecode.swift; path = AppDelegate.swift; sourceTree = "<group>"; };
		DF7A658D22C9410100736179 /* SceneDelegate.swift */ = {isa = PBXFileReference; lastKnownFileType = sourcecode.swift; path = SceneDelegate.swift; sourceTree = "<group>"; };
		DF7A659422C9410200736179 /* Assets.xcassets */ = {isa = PBXFileReference; lastKnownFileType = folder.assetcatalog; path = Assets.xcassets; sourceTree = "<group>"; };
		DF7A659722C9410200736179 /* Base */ = {isa = PBXFileReference; lastKnownFileType = file.storyboard; name = Base; path = Base.lproj/LaunchScreen.storyboard; sourceTree = "<group>"; };
		DF7A659922C9410200736179 /* Info.plist */ = {isa = PBXFileReference; lastKnownFileType = text.plist.xml; path = Info.plist; sourceTree = "<group>"; };
		DF7B8CDF22CE1D4D00D6EF93 /* ReportElevatorView.swift */ = {isa = PBXFileReference; lastKnownFileType = sourcecode.swift; path = ReportElevatorView.swift; sourceTree = "<group>"; };
		DF7B8CE122CE1D5B00D6EF93 /* ReportElevatorViewModel.swift */ = {isa = PBXFileReference; lastKnownFileType = sourcecode.swift; path = ReportElevatorViewModel.swift; sourceTree = "<group>"; };
		DF7B8CE322CE1F7500D6EF93 /* ButtonWithCircleIcon.swift */ = {isa = PBXFileReference; lastKnownFileType = sourcecode.swift; path = ButtonWithCircleIcon.swift; sourceTree = "<group>"; };
		DF7B8CE522CE25B400D6EF93 /* UIElevatorCellView.swift */ = {isa = PBXFileReference; lastKnownFileType = sourcecode.swift; path = UIElevatorCellView.swift; sourceTree = "<group>"; };
		DF9F699722C9FEC300819A1D /* ApplicationCoordinator.swift */ = {isa = PBXFileReference; lastKnownFileType = sourcecode.swift; path = ApplicationCoordinator.swift; sourceTree = "<group>"; };
		DF9F699922C9FF1600819A1D /* Coordinator.swift */ = {isa = PBXFileReference; lastKnownFileType = sourcecode.swift; path = Coordinator.swift; sourceTree = "<group>"; };
		DF9F699B22CA014800819A1D /* ApplicationCoordinatorProtocol.swift */ = {isa = PBXFileReference; lastKnownFileType = sourcecode.swift; path = ApplicationCoordinatorProtocol.swift; sourceTree = "<group>"; };
		DF9F699E22CA021300819A1D /* MapViewController.swift */ = {isa = PBXFileReference; lastKnownFileType = sourcecode.swift; path = MapViewController.swift; sourceTree = "<group>"; };
		DF9F69A022CA058F00819A1D /* SearchViewController.swift */ = {isa = PBXFileReference; lastKnownFileType = sourcecode.swift; path = SearchViewController.swift; sourceTree = "<group>"; };
		DFBD02E122CA802400244D08 /* ElevatorModel.swift */ = {isa = PBXFileReference; lastKnownFileType = sourcecode.swift; path = ElevatorModel.swift; sourceTree = "<group>"; };
		DFBD02E322CA80E800244D08 /* ElevatorDetailView.swift */ = {isa = PBXFileReference; lastKnownFileType = sourcecode.swift; path = ElevatorDetailView.swift; sourceTree = "<group>"; };
		DFBD02E522CA811D00244D08 /* ElevatorDetailViewModel.swift */ = {isa = PBXFileReference; lastKnownFileType = sourcecode.swift; path = ElevatorDetailViewModel.swift; sourceTree = "<group>"; };
		DFBD02E822CA8A7900244D08 /* RoundedView.swift */ = {isa = PBXFileReference; lastKnownFileType = sourcecode.swift; path = RoundedView.swift; sourceTree = "<group>"; };
		DFBD02EA22CA97A700244D08 /* CircleView.swift */ = {isa = PBXFileReference; lastKnownFileType = sourcecode.swift; path = CircleView.swift; sourceTree = "<group>"; };
		DFBD02EC22CA9F8B00244D08 /* CloseView.swift */ = {isa = PBXFileReference; lastKnownFileType = sourcecode.swift; path = CloseView.swift; sourceTree = "<group>"; };
/* End PBXFileReference section */

/* Begin PBXFrameworksBuildPhase section */
		DF7A658522C9410000736179 /* Frameworks */ = {
			isa = PBXFrameworksBuildPhase;
			buildActionMask = 2147483647;
			files = (
				DF2BD74B22CA132E00D949CA /* RxSwift in Frameworks */,
				DF57F0A722CB488D001AFB5E /* Differentiator in Frameworks */,
				DF2BD74922CA132E00D949CA /* RxRelay in Frameworks */,
				DF57F0A922CB488D001AFB5E /* RxDataSources in Frameworks */,
				DF2BD74D22CA132E00D949CA /* RxCocoa in Frameworks */,
				DF7A65A322C9437100736179 /* FloatingPanel in Frameworks */,
			);
			runOnlyForDeploymentPostprocessing = 0;
		};
/* End PBXFrameworksBuildPhase section */

/* Begin PBXGroup section */
		DF5DF3AC22CE177E0048DD69 /* UIView */ = {
			isa = PBXGroup;
			children = (
				DF5DF3AD22CE17900048DD69 /* UICircleView.swift */,
				DF7B8CE522CE25B400D6EF93 /* UIElevatorCellView.swift */,
				DF5B89A522CE2D800064B5CB /* UIElevatorTableViewCell.swift */,
			);
			path = UIView;
			sourceTree = "<group>";
		};
		DF7A657F22C9410000736179 = {
			isa = PBXGroup;
			children = (
				DF7A658A22C9410100736179 /* Eleve */,
				DF7A658922C9410100736179 /* Products */,
			);
			sourceTree = "<group>";
		};
		DF7A658922C9410100736179 /* Products */ = {
			isa = PBXGroup;
			children = (
				DF7A658822C9410100736179 /* Eleve.app */,
			);
			name = Products;
			sourceTree = "<group>";
		};
		DF7A658A22C9410100736179 /* Eleve */ = {
			isa = PBXGroup;
			children = (
				DF5DF3AC22CE177E0048DD69 /* UIView */,
				DFBD02E722CA8A6500244D08 /* View elements */,
				DFBD02E022CA800B00244D08 /* Model */,
				DF9F699D22CA01FA00819A1D /* ViewControllers */,
				DF9F699622C9FEB400819A1D /* Coordinators */,
				DF7A658B22C9410100736179 /* AppDelegate.swift */,
				DF7A658D22C9410100736179 /* SceneDelegate.swift */,
				DF7A659422C9410200736179 /* Assets.xcassets */,
				DF7A659622C9410200736179 /* LaunchScreen.storyboard */,
				DF7A659922C9410200736179 /* Info.plist */,
				DF5CDA2722CE69FE00E04EAF /* Localizable.strings */,
			);
			path = Eleve;
			sourceTree = "<group>";
		};
		DF9F699622C9FEB400819A1D /* Coordinators */ = {
			isa = PBXGroup;
			children = (
				DF9F699722C9FEC300819A1D /* ApplicationCoordinator.swift */,
				DF9F699922C9FF1600819A1D /* Coordinator.swift */,
				DF9F699B22CA014800819A1D /* ApplicationCoordinatorProtocol.swift */,
			);
			path = Coordinators;
			sourceTree = "<group>";
		};
		DF9F699D22CA01FA00819A1D /* ViewControllers */ = {
			isa = PBXGroup;
			children = (
				DFBD02E322CA80E800244D08 /* ElevatorDetailView.swift */,
				DFBD02E522CA811D00244D08 /* ElevatorDetailViewModel.swift */,
				DF9F699E22CA021300819A1D /* MapViewController.swift */,
				DF5DF3AA22CE15BC0048DD69 /* MapViewModel.swift */,
				DF7B8CDF22CE1D4D00D6EF93 /* ReportElevatorView.swift */,
				DF7B8CE122CE1D5B00D6EF93 /* ReportElevatorViewModel.swift */,
				DF9F69A022CA058F00819A1D /* SearchViewController.swift */,
				DF57F0AA22CB48BA001AFB5E /* SearchViewModel.swift */,
				DF5B89A922CE33E10064B5CB /* SettingsView.swift */,
				DF5B89AB22CE33F40064B5CB /* SettingsViewModel.swift */,
			);
			path = ViewControllers;
			sourceTree = "<group>";
		};
		DFBD02E022CA800B00244D08 /* Model */ = {
			isa = PBXGroup;
			children = (
				DFBD02E122CA802400244D08 /* ElevatorModel.swift */,
			);
			path = Model;
			sourceTree = "<group>";
		};
		DFBD02E722CA8A6500244D08 /* View elements */ = {
			isa = PBXGroup;
			children = (
				DFBD02E822CA8A7900244D08 /* RoundedView.swift */,
				DFBD02EA22CA97A700244D08 /* CircleView.swift */,
				DFBD02EC22CA9F8B00244D08 /* CloseView.swift */,
				DF57F0A322CB3BCB001AFB5E /* ElevatorStateView.swift */,
				DF7B8CE322CE1F7500D6EF93 /* ButtonWithCircleIcon.swift */,
				DF5B89A322CE297A0064B5CB /* ElevatorCellViewRepresentable.swift */,
				DF5B89A722CE32260064B5CB /* TitleAndSubtitleWithSwitch.swift */,
				DF5CDA2122CE641800E04EAF /* KeyValueView.swift */,
			);
			path = "View elements";
			sourceTree = "<group>";
		};
/* End PBXGroup section */

/* Begin PBXNativeTarget section */
		DF7A658722C9410000736179 /* Eleve */ = {
			isa = PBXNativeTarget;
			buildConfigurationList = DF7A659C22C9410200736179 /* Build configuration list for PBXNativeTarget "Eleve" */;
			buildPhases = (
				DF7A658422C9410000736179 /* Sources */,
				DF7A658522C9410000736179 /* Frameworks */,
				DF7A658622C9410000736179 /* Resources */,
			);
			buildRules = (
			);
			dependencies = (
			);
			name = Eleve;
			packageProductDependencies = (
				DF7A65A222C9437100736179 /* FloatingPanel */,
				DF2BD74822CA132E00D949CA /* RxRelay */,
				DF2BD74A22CA132E00D949CA /* RxSwift */,
				DF2BD74C22CA132E00D949CA /* RxCocoa */,
				DF57F0A622CB488D001AFB5E /* Differentiator */,
				DF57F0A822CB488D001AFB5E /* RxDataSources */,
			);
			productName = Eleve;
			productReference = DF7A658822C9410100736179 /* Eleve.app */;
			productType = "com.apple.product-type.application";
		};
/* End PBXNativeTarget section */

/* Begin PBXProject section */
		DF7A658022C9410000736179 /* Project object */ = {
			isa = PBXProject;
			attributes = {
				LastSwiftUpdateCheck = 1100;
				LastUpgradeCheck = 1100;
				ORGANIZATIONNAME = "Marek Pridal";
				TargetAttributes = {
					DF7A658722C9410000736179 = {
						CreatedOnToolsVersion = 11.0;
					};
				};
			};
			buildConfigurationList = DF7A658322C9410000736179 /* Build configuration list for PBXProject "Eleve" */;
			compatibilityVersion = "Xcode 10.0";
			developmentRegion = en;
			hasScannedForEncodings = 0;
			knownRegions = (
				en,
				Base,
				cs,
			);
			mainGroup = DF7A657F22C9410000736179;
			packageReferences = (
				DF7A65A122C9437100736179 /* XCRemoteSwiftPackageReference "FloatingPanel" */,
				DF2BD74722CA132E00D949CA /* XCRemoteSwiftPackageReference "RxSwift" */,
				DF57F0A522CB488D001AFB5E /* XCRemoteSwiftPackageReference "RxDataSources" */,
			);
			productRefGroup = DF7A658922C9410100736179 /* Products */;
			projectDirPath = "";
			projectRoot = "";
			targets = (
				DF7A658722C9410000736179 /* Eleve */,
			);
		};
/* End PBXProject section */

/* Begin PBXResourcesBuildPhase section */
		DF7A658622C9410000736179 /* Resources */ = {
			isa = PBXResourcesBuildPhase;
			buildActionMask = 2147483647;
			files = (
				DF7A659822C9410200736179 /* LaunchScreen.storyboard in Resources */,
				DF5CDA2522CE69FE00E04EAF /* Localizable.strings in Resources */,
				DF7A659522C9410200736179 /* Assets.xcassets in Resources */,
			);
			runOnlyForDeploymentPostprocessing = 0;
		};
/* End PBXResourcesBuildPhase section */

/* Begin PBXSourcesBuildPhase section */
		DF7A658422C9410000736179 /* Sources */ = {
			isa = PBXSourcesBuildPhase;
			buildActionMask = 2147483647;
			files = (
				DF5DF3AE22CE17900048DD69 /* UICircleView.swift in Sources */,
				DF9F699C22CA014800819A1D /* ApplicationCoordinatorProtocol.swift in Sources */,
				DF7B8CE422CE1F7500D6EF93 /* ButtonWithCircleIcon.swift in Sources */,
				DF5B89A422CE297A0064B5CB /* ElevatorCellViewRepresentable.swift in Sources */,
				DF9F69A122CA058F00819A1D /* SearchViewController.swift in Sources */,
				DF57F0AB22CB48BA001AFB5E /* SearchViewModel.swift in Sources */,
				DF5CDA2222CE641800E04EAF /* KeyValueView.swift in Sources */,
				DFBD02E222CA802400244D08 /* ElevatorModel.swift in Sources */,
				DF9F699F22CA021300819A1D /* MapViewController.swift in Sources */,
				DF7B8CE222CE1D5B00D6EF93 /* ReportElevatorViewModel.swift in Sources */,
				DF9F699A22C9FF1600819A1D /* Coordinator.swift in Sources */,
				DFBD02ED22CA9F8B00244D08 /* CloseView.swift in Sources */,
				DF5B89A622CE2D800064B5CB /* UIElevatorTableViewCell.swift in Sources */,
				DF5B89A822CE32260064B5CB /* TitleAndSubtitleWithSwitch.swift in Sources */,
				DF7B8CE622CE25B400D6EF93 /* UIElevatorCellView.swift in Sources */,
				DF9F699822C9FEC300819A1D /* ApplicationCoordinator.swift in Sources */,
				DFBD02E922CA8A7900244D08 /* RoundedView.swift in Sources */,
				DFBD02EB22CA97A700244D08 /* CircleView.swift in Sources */,
				DF7A658C22C9410100736179 /* AppDelegate.swift in Sources */,
				DF7A658E22C9410100736179 /* SceneDelegate.swift in Sources */,
				DF5DF3AB22CE15BC0048DD69 /* MapViewModel.swift in Sources */,
				DFBD02E622CA811D00244D08 /* ElevatorDetailViewModel.swift in Sources */,
				DF7B8CE022CE1D4E00D6EF93 /* ReportElevatorView.swift in Sources */,
				DFBD02E422CA80E800244D08 /* ElevatorDetailView.swift in Sources */,
				DF57F0A422CB3BCB001AFB5E /* ElevatorStateView.swift in Sources */,
				DF5B89AA22CE33E10064B5CB /* SettingsView.swift in Sources */,
				DF5B89AC22CE33F40064B5CB /* SettingsViewModel.swift in Sources */,
			);
			runOnlyForDeploymentPostprocessing = 0;
		};
/* End PBXSourcesBuildPhase section */

/* Begin PBXVariantGroup section */
		DF5CDA2722CE69FE00E04EAF /* Localizable.strings */ = {
			isa = PBXVariantGroup;
			children = (
				DF5CDA2622CE69FE00E04EAF /* en */,
				DF5CDA2822CE6A0D00E04EAF /* cs */,
			);
			name = Localizable.strings;
			sourceTree = "<group>";
		};
		DF7A659622C9410200736179 /* LaunchScreen.storyboard */ = {
			isa = PBXVariantGroup;
			children = (
				DF7A659722C9410200736179 /* Base */,
			);
			name = LaunchScreen.storyboard;
			sourceTree = "<group>";
		};
/* End PBXVariantGroup section */

/* Begin XCBuildConfiguration section */
		DF7A659A22C9410200736179 /* Debug */ = {
			isa = XCBuildConfiguration;
			buildSettings = {
				ALWAYS_SEARCH_USER_PATHS = NO;
				CLANG_ANALYZER_LOCALIZABILITY_NONLOCALIZED = YES;
				CLANG_ANALYZER_NONNULL = YES;
				CLANG_ANALYZER_NUMBER_OBJECT_CONVERSION = YES_AGGRESSIVE;
				CLANG_CXX_LANGUAGE_STANDARD = "gnu++14";
				CLANG_CXX_LIBRARY = "libc++";
				CLANG_ENABLE_MODULES = YES;
				CLANG_ENABLE_OBJC_ARC = YES;
				CLANG_ENABLE_OBJC_WEAK = YES;
				CLANG_WARN_BLOCK_CAPTURE_AUTORELEASING = YES;
				CLANG_WARN_BOOL_CONVERSION = YES;
				CLANG_WARN_COMMA = YES;
				CLANG_WARN_CONSTANT_CONVERSION = YES;
				CLANG_WARN_DEPRECATED_OBJC_IMPLEMENTATIONS = YES;
				CLANG_WARN_DIRECT_OBJC_ISA_USAGE = YES_ERROR;
				CLANG_WARN_DOCUMENTATION_COMMENTS = YES;
				CLANG_WARN_EMPTY_BODY = YES;
				CLANG_WARN_ENUM_CONVERSION = YES;
				CLANG_WARN_INFINITE_RECURSION = YES;
				CLANG_WARN_INT_CONVERSION = YES;
				CLANG_WARN_NON_LITERAL_NULL_CONVERSION = YES;
				CLANG_WARN_OBJC_IMPLICIT_RETAIN_SELF = YES;
				CLANG_WARN_OBJC_LITERAL_CONVERSION = YES;
				CLANG_WARN_OBJC_ROOT_CLASS = YES_ERROR;
				CLANG_WARN_RANGE_LOOP_ANALYSIS = YES;
				CLANG_WARN_STRICT_PROTOTYPES = YES;
				CLANG_WARN_SUSPICIOUS_MOVE = YES;
				CLANG_WARN_UNGUARDED_AVAILABILITY = YES_AGGRESSIVE;
				CLANG_WARN_UNREACHABLE_CODE = YES;
				CLANG_WARN__DUPLICATE_METHOD_MATCH = YES;
				COPY_PHASE_STRIP = NO;
				DEBUG_INFORMATION_FORMAT = dwarf;
				ENABLE_STRICT_OBJC_MSGSEND = YES;
				ENABLE_TESTABILITY = YES;
				GCC_C_LANGUAGE_STANDARD = gnu11;
				GCC_DYNAMIC_NO_PIC = NO;
				GCC_NO_COMMON_BLOCKS = YES;
				GCC_OPTIMIZATION_LEVEL = 0;
				GCC_PREPROCESSOR_DEFINITIONS = (
					"DEBUG=1",
					"$(inherited)",
				);
				GCC_WARN_64_TO_32_BIT_CONVERSION = YES;
				GCC_WARN_ABOUT_RETURN_TYPE = YES_ERROR;
				GCC_WARN_UNDECLARED_SELECTOR = YES;
				GCC_WARN_UNINITIALIZED_AUTOS = YES_AGGRESSIVE;
				GCC_WARN_UNUSED_FUNCTION = YES;
				GCC_WARN_UNUSED_VARIABLE = YES;
				IPHONEOS_DEPLOYMENT_TARGET = 13.0;
				MTL_ENABLE_DEBUG_INFO = INCLUDE_SOURCE;
				MTL_FAST_MATH = YES;
				ONLY_ACTIVE_ARCH = YES;
				SDKROOT = iphoneos;
				SWIFT_ACTIVE_COMPILATION_CONDITIONS = DEBUG;
				SWIFT_OPTIMIZATION_LEVEL = "-Onone";
			};
			name = Debug;
		};
		DF7A659B22C9410200736179 /* Release */ = {
			isa = XCBuildConfiguration;
			buildSettings = {
				ALWAYS_SEARCH_USER_PATHS = NO;
				CLANG_ANALYZER_LOCALIZABILITY_NONLOCALIZED = YES;
				CLANG_ANALYZER_NONNULL = YES;
				CLANG_ANALYZER_NUMBER_OBJECT_CONVERSION = YES_AGGRESSIVE;
				CLANG_CXX_LANGUAGE_STANDARD = "gnu++14";
				CLANG_CXX_LIBRARY = "libc++";
				CLANG_ENABLE_MODULES = YES;
				CLANG_ENABLE_OBJC_ARC = YES;
				CLANG_ENABLE_OBJC_WEAK = YES;
				CLANG_WARN_BLOCK_CAPTURE_AUTORELEASING = YES;
				CLANG_WARN_BOOL_CONVERSION = YES;
				CLANG_WARN_COMMA = YES;
				CLANG_WARN_CONSTANT_CONVERSION = YES;
				CLANG_WARN_DEPRECATED_OBJC_IMPLEMENTATIONS = YES;
				CLANG_WARN_DIRECT_OBJC_ISA_USAGE = YES_ERROR;
				CLANG_WARN_DOCUMENTATION_COMMENTS = YES;
				CLANG_WARN_EMPTY_BODY = YES;
				CLANG_WARN_ENUM_CONVERSION = YES;
				CLANG_WARN_INFINITE_RECURSION = YES;
				CLANG_WARN_INT_CONVERSION = YES;
				CLANG_WARN_NON_LITERAL_NULL_CONVERSION = YES;
				CLANG_WARN_OBJC_IMPLICIT_RETAIN_SELF = YES;
				CLANG_WARN_OBJC_LITERAL_CONVERSION = YES;
				CLANG_WARN_OBJC_ROOT_CLASS = YES_ERROR;
				CLANG_WARN_RANGE_LOOP_ANALYSIS = YES;
				CLANG_WARN_STRICT_PROTOTYPES = YES;
				CLANG_WARN_SUSPICIOUS_MOVE = YES;
				CLANG_WARN_UNGUARDED_AVAILABILITY = YES_AGGRESSIVE;
				CLANG_WARN_UNREACHABLE_CODE = YES;
				CLANG_WARN__DUPLICATE_METHOD_MATCH = YES;
				COPY_PHASE_STRIP = NO;
				DEBUG_INFORMATION_FORMAT = "dwarf-with-dsym";
				ENABLE_NS_ASSERTIONS = NO;
				ENABLE_STRICT_OBJC_MSGSEND = YES;
				GCC_C_LANGUAGE_STANDARD = gnu11;
				GCC_NO_COMMON_BLOCKS = YES;
				GCC_WARN_64_TO_32_BIT_CONVERSION = YES;
				GCC_WARN_ABOUT_RETURN_TYPE = YES_ERROR;
				GCC_WARN_UNDECLARED_SELECTOR = YES;
				GCC_WARN_UNINITIALIZED_AUTOS = YES_AGGRESSIVE;
				GCC_WARN_UNUSED_FUNCTION = YES;
				GCC_WARN_UNUSED_VARIABLE = YES;
				IPHONEOS_DEPLOYMENT_TARGET = 13.0;
				MTL_ENABLE_DEBUG_INFO = NO;
				MTL_FAST_MATH = YES;
				SDKROOT = iphoneos;
				SWIFT_COMPILATION_MODE = wholemodule;
				SWIFT_OPTIMIZATION_LEVEL = "-O";
				VALIDATE_PRODUCT = YES;
			};
			name = Release;
		};
		DF7A659D22C9410200736179 /* Debug */ = {
			isa = XCBuildConfiguration;
			buildSettings = {
				ASSETCATALOG_COMPILER_APPICON_NAME = AppIcon;
				CODE_SIGN_IDENTITY = "Apple Development";
				CODE_SIGN_STYLE = Automatic;
				CURRENT_PROJECT_VERSION = 1;
				DEVELOPMENT_TEAM = JV7TARSQ32;
				INFOPLIST_FILE = Eleve/Info.plist;
				IPHONEOS_DEPLOYMENT_TARGET = 13.0;
				LD_RUNPATH_SEARCH_PATHS = (
					"$(inherited)",
					"@executable_path/Frameworks",
				);
				MARKETING_VERSION = 1;
				PRODUCT_BUNDLE_IDENTIFIER = eu.marekpridal.Eleve;
				PRODUCT_NAME = "$(TARGET_NAME)";
				PROVISIONING_PROFILE_SPECIFIER = "";
				SWIFT_VERSION = 5.0;
				TARGETED_DEVICE_FAMILY = "1,2";
				VERSIONING_SYSTEM = "apple-generic";
			};
			name = Debug;
		};
		DF7A659E22C9410200736179 /* Release */ = {
			isa = XCBuildConfiguration;
			buildSettings = {
				ASSETCATALOG_COMPILER_APPICON_NAME = AppIcon;
				CODE_SIGN_IDENTITY = "Apple Development";
				CODE_SIGN_STYLE = Automatic;
				CURRENT_PROJECT_VERSION = 1;
				DEVELOPMENT_TEAM = JV7TARSQ32;
				INFOPLIST_FILE = Eleve/Info.plist;
				IPHONEOS_DEPLOYMENT_TARGET = 13.0;
				LD_RUNPATH_SEARCH_PATHS = (
					"$(inherited)",
					"@executable_path/Frameworks",
				);
				MARKETING_VERSION = 1;
				PRODUCT_BUNDLE_IDENTIFIER = eu.marekpridal.Eleve;
				PRODUCT_NAME = "$(TARGET_NAME)";
				PROVISIONING_PROFILE_SPECIFIER = "";
				SWIFT_VERSION = 5.0;
				TARGETED_DEVICE_FAMILY = "1,2";
				VERSIONING_SYSTEM = "apple-generic";
			};
			name = Release;
		};
/* End XCBuildConfiguration section */

/* Begin XCConfigurationList section */
		DF7A658322C9410000736179 /* Build configuration list for PBXProject "Eleve" */ = {
			isa = XCConfigurationList;
			buildConfigurations = (
				DF7A659A22C9410200736179 /* Debug */,
				DF7A659B22C9410200736179 /* Release */,
			);
			defaultConfigurationIsVisible = 0;
			defaultConfigurationName = Release;
		};
		DF7A659C22C9410200736179 /* Build configuration list for PBXNativeTarget "Eleve" */ = {
			isa = XCConfigurationList;
			buildConfigurations = (
				DF7A659D22C9410200736179 /* Debug */,
				DF7A659E22C9410200736179 /* Release */,
			);
			defaultConfigurationIsVisible = 0;
			defaultConfigurationName = Release;
		};
/* End XCConfigurationList section */

/* Begin XCRemoteSwiftPackageReference section */
		DF2BD74722CA132E00D949CA /* XCRemoteSwiftPackageReference "RxSwift" */ = {
			isa = XCRemoteSwiftPackageReference;
			repositoryURL = "git@github.com:ReactiveX/RxSwift.git";
			requirement = {
				kind = upToNextMajorVersion;
				minimumVersion = 5.0.1;
			};
		};
		DF57F0A522CB488D001AFB5E /* XCRemoteSwiftPackageReference "RxDataSources" */ = {
			isa = XCRemoteSwiftPackageReference;
			repositoryURL = "git@github.com:RxSwiftCommunity/RxDataSources.git";
			requirement = {
				kind = upToNextMajorVersion;
				minimumVersion = 4.0.1;
			};
		};
		DF7A65A122C9437100736179 /* XCRemoteSwiftPackageReference "FloatingPanel" */ = {
			isa = XCRemoteSwiftPackageReference;
			repositoryURL = "git@github.com:SCENEE/FloatingPanel.git";
			requirement = {
				kind = upToNextMajorVersion;
				minimumVersion = 1.6.1;
			};
		};
/* End XCRemoteSwiftPackageReference section */

/* Begin XCSwiftPackageProductDependency section */
		DF2BD74822CA132E00D949CA /* RxRelay */ = {
			isa = XCSwiftPackageProductDependency;
			package = DF2BD74722CA132E00D949CA /* XCRemoteSwiftPackageReference "RxSwift" */;
			productName = RxRelay;
		};
		DF2BD74A22CA132E00D949CA /* RxSwift */ = {
			isa = XCSwiftPackageProductDependency;
			package = DF2BD74722CA132E00D949CA /* XCRemoteSwiftPackageReference "RxSwift" */;
			productName = RxSwift;
		};
		DF2BD74C22CA132E00D949CA /* RxCocoa */ = {
			isa = XCSwiftPackageProductDependency;
			package = DF2BD74722CA132E00D949CA /* XCRemoteSwiftPackageReference "RxSwift" */;
			productName = RxCocoa;
		};
		DF57F0A622CB488D001AFB5E /* Differentiator */ = {
			isa = XCSwiftPackageProductDependency;
			package = DF57F0A522CB488D001AFB5E /* XCRemoteSwiftPackageReference "RxDataSources" */;
			productName = Differentiator;
		};
		DF57F0A822CB488D001AFB5E /* RxDataSources */ = {
			isa = XCSwiftPackageProductDependency;
			package = DF57F0A522CB488D001AFB5E /* XCRemoteSwiftPackageReference "RxDataSources" */;
			productName = RxDataSources;
		};
		DF7A65A222C9437100736179 /* FloatingPanel */ = {
			isa = XCSwiftPackageProductDependency;
			package = DF7A65A122C9437100736179 /* XCRemoteSwiftPackageReference "FloatingPanel" */;
			productName = FloatingPanel;
		};
/* End XCSwiftPackageProductDependency section */
	};
	rootObject = DF7A658022C9410000736179 /* Project object */;
}
